// !$*UTF8*$!
{
	archiveVersion = 1;
	classes = {
	};
	objectVersion = 55;
	objects = {

/* Begin PBXBuildFile section */
		D51161AC28E3678C0057AE80 /* APIService.swift in Sources */ = {isa = PBXBuildFile; fileRef = D51161AB28E3678C0057AE80 /* APIService.swift */; };
		D51161AF28E36A750057AE80 /* Authentication.swift in Sources */ = {isa = PBXBuildFile; fileRef = D51161AE28E36A750057AE80 /* Authentication.swift */; };
		D52203C928DA313600482BC5 /* LoginView.swift in Sources */ = {isa = PBXBuildFile; fileRef = D52203C828DA313600482BC5 /* LoginView.swift */; };
		D52203CD28DA419200482BC5 /* LoginViewModel.swift in Sources */ = {isa = PBXBuildFile; fileRef = D52203CC28DA419200482BC5 /* LoginViewModel.swift */; };
		D52203CF28DA41C900482BC5 /* Credentials.swift in Sources */ = {isa = PBXBuildFile; fileRef = D52203CE28DA41C900482BC5 /* Credentials.swift */; };
		D544610D29367E2B009C7571 /* DataController.swift in Sources */ = {isa = PBXBuildFile; fileRef = D544610C29367E2B009C7571 /* DataController.swift */; };
		D5643FF528FF4F19003859B6 /* MapView.swift in Sources */ = {isa = PBXBuildFile; fileRef = D5643FF428FF4F19003859B6 /* MapView.swift */; };
		D5643FF728FF6635003859B6 /* ScooterDetailView.swift in Sources */ = {isa = PBXBuildFile; fileRef = D5643FF628FF6635003859B6 /* ScooterDetailView.swift */; };
		D5643FF928FF6820003859B6 /* ActiveRentView.swift in Sources */ = {isa = PBXBuildFile; fileRef = D5643FF828FF6820003859B6 /* ActiveRentView.swift */; };
		D5643FFB28FF7EB7003859B6 /* CircleImage.swift in Sources */ = {isa = PBXBuildFile; fileRef = D5643FFA28FF7EB7003859B6 /* CircleImage.swift */; };
		D565E46A29228F8200CCD840 /* LocationManager.swift in Sources */ = {isa = PBXBuildFile; fileRef = D565E46929228F8200CCD840 /* LocationManager.swift */; };
		D5C4F42728EC9BA100055892 /* SplashScreen.swift in Sources */ = {isa = PBXBuildFile; fileRef = D5C4F42628EC9BA100055892 /* SplashScreen.swift */; };
		D5C4F42A28ECAB1C00055892 /* scooters.json in Resources */ = {isa = PBXBuildFile; fileRef = D5C4F42928ECAB1C00055892 /* scooters.json */; };
		D5C4F42E28ECAC1200055892 /* Scooter.swift in Sources */ = {isa = PBXBuildFile; fileRef = D5C4F42D28ECAC1200055892 /* Scooter.swift */; };
		D5DE62E928D0F88200F8368D /* PatinflyApp.swift in Sources */ = {isa = PBXBuildFile; fileRef = D5DE62E828D0F88200F8368D /* PatinflyApp.swift */; };
		D5DE62EB28D0F88200F8368D /* ScooterListView.swift in Sources */ = {isa = PBXBuildFile; fileRef = D5DE62EA28D0F88200F8368D /* ScooterListView.swift */; };
		D5DE62ED28D0F88900F8368D /* Assets.xcassets in Resources */ = {isa = PBXBuildFile; fileRef = D5DE62EC28D0F88900F8368D /* Assets.xcassets */; };
		D5DE62F028D0F88900F8368D /* Preview Assets.xcassets in Resources */ = {isa = PBXBuildFile; fileRef = D5DE62EF28D0F88900F8368D /* Preview Assets.xcassets */; };
		D5DE62FB28D0F88900F8368D /* PatinflyTests.swift in Sources */ = {isa = PBXBuildFile; fileRef = D5DE62FA28D0F88900F8368D /* PatinflyTests.swift */; };
		D5DE630528D0F88900F8368D /* PatinflyUITests.swift in Sources */ = {isa = PBXBuildFile; fileRef = D5DE630428D0F88900F8368D /* PatinflyUITests.swift */; };
		D5DE630728D0F88900F8368D /* PatinflyUITestsLaunchTests.swift in Sources */ = {isa = PBXBuildFile; fileRef = D5DE630628D0F88900F8368D /* PatinflyUITestsLaunchTests.swift */; };
		D5DFC80929532A2F00938A82 /* ScooterDatabase.xcdatamodeld in Sources */ = {isa = PBXBuildFile; fileRef = D5DFC80629532A2F00938A82 /* ScooterDatabase.xcdatamodeld */; };
/* End PBXBuildFile section */

/* Begin PBXContainerItemProxy section */
		D5DE62F728D0F88900F8368D /* PBXContainerItemProxy */ = {
			isa = PBXContainerItemProxy;
			containerPortal = D5DE62DD28D0F88200F8368D /* Project object */;
			proxyType = 1;
			remoteGlobalIDString = D5DE62E428D0F88200F8368D;
			remoteInfo = Patinfly;
		};
		D5DE630128D0F88900F8368D /* PBXContainerItemProxy */ = {
			isa = PBXContainerItemProxy;
			containerPortal = D5DE62DD28D0F88200F8368D /* Project object */;
			proxyType = 1;
			remoteGlobalIDString = D5DE62E428D0F88200F8368D;
			remoteInfo = Patinfly;
		};
/* End PBXContainerItemProxy section */

/* Begin PBXFileReference section */
		D51161AB28E3678C0057AE80 /* APIService.swift */ = {isa = PBXFileReference; lastKnownFileType = sourcecode.swift; path = APIService.swift; sourceTree = "<group>"; };
		D51161AE28E36A750057AE80 /* Authentication.swift */ = {isa = PBXFileReference; lastKnownFileType = sourcecode.swift; path = Authentication.swift; sourceTree = "<group>"; };
		D52203C828DA313600482BC5 /* LoginView.swift */ = {isa = PBXFileReference; lastKnownFileType = sourcecode.swift; path = LoginView.swift; sourceTree = "<group>"; };
		D52203CC28DA419200482BC5 /* LoginViewModel.swift */ = {isa = PBXFileReference; lastKnownFileType = sourcecode.swift; path = LoginViewModel.swift; sourceTree = "<group>"; };
		D52203CE28DA41C900482BC5 /* Credentials.swift */ = {isa = PBXFileReference; lastKnownFileType = sourcecode.swift; path = Credentials.swift; sourceTree = "<group>"; };
		D544610C29367E2B009C7571 /* DataController.swift */ = {isa = PBXFileReference; lastKnownFileType = sourcecode.swift; path = DataController.swift; sourceTree = "<group>"; };
		D54FED55292427CB0000F9C4 /* Info.plist */ = {isa = PBXFileReference; lastKnownFileType = text.plist; path = Info.plist; sourceTree = "<group>"; };
		D5643FF428FF4F19003859B6 /* MapView.swift */ = {isa = PBXFileReference; lastKnownFileType = sourcecode.swift; path = MapView.swift; sourceTree = "<group>"; };
		D5643FF628FF6635003859B6 /* ScooterDetailView.swift */ = {isa = PBXFileReference; lastKnownFileType = sourcecode.swift; path = ScooterDetailView.swift; sourceTree = "<group>"; };
		D5643FF828FF6820003859B6 /* ActiveRentView.swift */ = {isa = PBXFileReference; lastKnownFileType = sourcecode.swift; path = ActiveRentView.swift; sourceTree = "<group>"; };
		D5643FFA28FF7EB7003859B6 /* CircleImage.swift */ = {isa = PBXFileReference; lastKnownFileType = sourcecode.swift; path = CircleImage.swift; sourceTree = "<group>"; };
		D565E46929228F8200CCD840 /* LocationManager.swift */ = {isa = PBXFileReference; lastKnownFileType = sourcecode.swift; path = LocationManager.swift; sourceTree = "<group>"; };
		D565E46B292293FD00CCD840 /* LocationFile.gpx */ = {isa = PBXFileReference; lastKnownFileType = text.xml; path = LocationFile.gpx; sourceTree = "<group>"; };
		D5C4F42628EC9BA100055892 /* SplashScreen.swift */ = {isa = PBXFileReference; lastKnownFileType = sourcecode.swift; path = SplashScreen.swift; sourceTree = "<group>"; };
		D5C4F42928ECAB1C00055892 /* scooters.json */ = {isa = PBXFileReference; lastKnownFileType = text.json; path = scooters.json; sourceTree = "<group>"; };
		D5C4F42D28ECAC1200055892 /* Scooter.swift */ = {isa = PBXFileReference; lastKnownFileType = sourcecode.swift; path = Scooter.swift; sourceTree = "<group>"; };
		D5DC0C90293E75750061C2FE /* Info.plist */ = {isa = PBXFileReference; lastKnownFileType = text.plist.xml; path = Info.plist; sourceTree = "<group>"; };
		D5DE62E528D0F88200F8368D /* Patinfly.app */ = {isa = PBXFileReference; explicitFileType = wrapper.application; includeInIndex = 0; path = Patinfly.app; sourceTree = BUILT_PRODUCTS_DIR; };
		D5DE62E828D0F88200F8368D /* PatinflyApp.swift */ = {isa = PBXFileReference; lastKnownFileType = sourcecode.swift; path = PatinflyApp.swift; sourceTree = "<group>"; };
		D5DE62EA28D0F88200F8368D /* ScooterListView.swift */ = {isa = PBXFileReference; lastKnownFileType = sourcecode.swift; path = ScooterListView.swift; sourceTree = "<group>"; };
		D5DE62EC28D0F88900F8368D /* Assets.xcassets */ = {isa = PBXFileReference; lastKnownFileType = folder.assetcatalog; path = Assets.xcassets; sourceTree = "<group>"; };
		D5DE62EF28D0F88900F8368D /* Preview Assets.xcassets */ = {isa = PBXFileReference; lastKnownFileType = folder.assetcatalog; path = "Preview Assets.xcassets"; sourceTree = "<group>"; };
		D5DE62F128D0F88900F8368D /* Patinfly.entitlements */ = {isa = PBXFileReference; lastKnownFileType = text.plist.entitlements; path = Patinfly.entitlements; sourceTree = "<group>"; };
		D5DE62F628D0F88900F8368D /* PatinflyTests.xctest */ = {isa = PBXFileReference; explicitFileType = wrapper.cfbundle; includeInIndex = 0; path = PatinflyTests.xctest; sourceTree = BUILT_PRODUCTS_DIR; };
		D5DE62FA28D0F88900F8368D /* PatinflyTests.swift */ = {isa = PBXFileReference; lastKnownFileType = sourcecode.swift; path = PatinflyTests.swift; sourceTree = "<group>"; };
		D5DE630028D0F88900F8368D /* PatinflyUITests.xctest */ = {isa = PBXFileReference; explicitFileType = wrapper.cfbundle; includeInIndex = 0; path = PatinflyUITests.xctest; sourceTree = BUILT_PRODUCTS_DIR; };
		D5DE630428D0F88900F8368D /* PatinflyUITests.swift */ = {isa = PBXFileReference; lastKnownFileType = sourcecode.swift; path = PatinflyUITests.swift; sourceTree = "<group>"; };
		D5DE630628D0F88900F8368D /* PatinflyUITestsLaunchTests.swift */ = {isa = PBXFileReference; lastKnownFileType = sourcecode.swift; path = PatinflyUITestsLaunchTests.swift; sourceTree = "<group>"; };
		D5DFC80729532A2F00938A82 /* Scooter_Rent.xcdatamodel */ = {isa = PBXFileReference; lastKnownFileType = wrapper.xcdatamodel; path = Scooter_Rent.xcdatamodel; sourceTree = "<group>"; };
		D5DFC80829532A2F00938A82 /* ScooterDB1.xcdatamodel */ = {isa = PBXFileReference; lastKnownFileType = wrapper.xcdatamodel; path = ScooterDB1.xcdatamodel; sourceTree = "<group>"; };
/* End PBXFileReference section */

/* Begin PBXFrameworksBuildPhase section */
		D5DE62E228D0F88200F8368D /* Frameworks */ = {
			isa = PBXFrameworksBuildPhase;
			buildActionMask = 2147483647;
			files = (
			);
			runOnlyForDeploymentPostprocessing = 0;
		};
		D5DE62F328D0F88900F8368D /* Frameworks */ = {
			isa = PBXFrameworksBuildPhase;
			buildActionMask = 2147483647;
			files = (
			);
			runOnlyForDeploymentPostprocessing = 0;
		};
		D5DE62FD28D0F88900F8368D /* Frameworks */ = {
			isa = PBXFrameworksBuildPhase;
			buildActionMask = 2147483647;
			files = (
			);
			runOnlyForDeploymentPostprocessing = 0;
		};
/* End PBXFrameworksBuildPhase section */

/* Begin PBXGroup section */
		D51161AA28E3676C0057AE80 /* Services */ = {
			isa = PBXGroup;
			children = (
				D51161AB28E3678C0057AE80 /* APIService.swift */,
			);
			path = Services;
			sourceTree = "<group>";
		};
		D51161AD28E36A570057AE80 /* Models */ = {
			isa = PBXGroup;
			children = (
				D51161AE28E36A750057AE80 /* Authentication.swift */,
				D5C4F42D28ECAC1200055892 /* Scooter.swift */,
				D5643FFA28FF7EB7003859B6 /* CircleImage.swift */,
			);
			path = Models;
			sourceTree = "<group>";
		};
		D52203CB28DA31C800482BC5 /* Login */ = {
			isa = PBXGroup;
			children = (
				D52203C828DA313600482BC5 /* LoginView.swift */,
				D52203CC28DA419200482BC5 /* LoginViewModel.swift */,
				D52203CE28DA41C900482BC5 /* Credentials.swift */,
			);
			path = Login;
			sourceTree = "<group>";
		};
		D544610B29367E12009C7571 /* CoreData */ = {
			isa = PBXGroup;
			children = (
				D5C4F42928ECAB1C00055892 /* scooters.json */,
				D544610C29367E2B009C7571 /* DataController.swift */,
				D5DFC80629532A2F00938A82 /* ScooterDatabase.xcdatamodeld */,
			);
			path = CoreData;
			sourceTree = "<group>";
		};
		D565E46829228F5C00CCD840 /* Map */ = {
			isa = PBXGroup;
			children = (
				D5643FF428FF4F19003859B6 /* MapView.swift */,
				D565E46929228F8200CCD840 /* LocationManager.swift */,
				D565E46B292293FD00CCD840 /* LocationFile.gpx */,
			);
			path = Map;
			sourceTree = "<group>";
		};
		D5DE62DC28D0F88200F8368D = {
			isa = PBXGroup;
			children = (
				D5DE62E728D0F88200F8368D /* Patinfly */,
				D5DE62F928D0F88900F8368D /* PatinflyTests */,
				D5DE630328D0F88900F8368D /* PatinflyUITests */,
				D5DE62E628D0F88200F8368D /* Products */,
			);
			sourceTree = "<group>";
		};
		D5DE62E628D0F88200F8368D /* Products */ = {
			isa = PBXGroup;
			children = (
				D5DE62E528D0F88200F8368D /* Patinfly.app */,
				D5DE62F628D0F88900F8368D /* PatinflyTests.xctest */,
				D5DE630028D0F88900F8368D /* PatinflyUITests.xctest */,
			);
			name = Products;
			sourceTree = "<group>";
		};
		D5DE62E728D0F88200F8368D /* Patinfly */ = {
			isa = PBXGroup;
			children = (
				D5DC0C90293E75750061C2FE /* Info.plist */,
				D544610B29367E12009C7571 /* CoreData */,
				D565E46829228F5C00CCD840 /* Map */,
				D5F94A0B29000042007F9FA5 /* ScootersViews */,
				D51161AD28E36A570057AE80 /* Models */,
				D51161AA28E3676C0057AE80 /* Services */,
				D52203CB28DA31C800482BC5 /* Login */,
				D5DE62E828D0F88200F8368D /* PatinflyApp.swift */,
				D5C4F42628EC9BA100055892 /* SplashScreen.swift */,
				D5DE62EC28D0F88900F8368D /* Assets.xcassets */,
				D5DE62F128D0F88900F8368D /* Patinfly.entitlements */,
				D5DE62EE28D0F88900F8368D /* Preview Content */,
			);
			path = Patinfly;
			sourceTree = "<group>";
		};
		D5DE62EE28D0F88900F8368D /* Preview Content */ = {
			isa = PBXGroup;
			children = (
				D5DE62EF28D0F88900F8368D /* Preview Assets.xcassets */,
			);
			path = "Preview Content";
			sourceTree = "<group>";
		};
		D5DE62F928D0F88900F8368D /* PatinflyTests */ = {
			isa = PBXGroup;
			children = (
				D54FED55292427CB0000F9C4 /* Info.plist */,
				D5DE62FA28D0F88900F8368D /* PatinflyTests.swift */,
			);
			path = PatinflyTests;
			sourceTree = "<group>";
		};
		D5DE630328D0F88900F8368D /* PatinflyUITests */ = {
			isa = PBXGroup;
			children = (
				D5DE630428D0F88900F8368D /* PatinflyUITests.swift */,
				D5DE630628D0F88900F8368D /* PatinflyUITestsLaunchTests.swift */,
			);
			path = PatinflyUITests;
			sourceTree = "<group>";
		};
		D5F94A0B29000042007F9FA5 /* ScootersViews */ = {
			isa = PBXGroup;
			children = (
				D5DE62EA28D0F88200F8368D /* ScooterListView.swift */,
				D5643FF628FF6635003859B6 /* ScooterDetailView.swift */,
				D5643FF828FF6820003859B6 /* ActiveRentView.swift */,
			);
			path = ScootersViews;
			sourceTree = "<group>";
		};
/* End PBXGroup section */

/* Begin PBXNativeTarget section */
		D5DE62E428D0F88200F8368D /* Patinfly */ = {
			isa = PBXNativeTarget;
			buildConfigurationList = D5DE630A28D0F88900F8368D /* Build configuration list for PBXNativeTarget "Patinfly" */;
			buildPhases = (
				D5DE62E128D0F88200F8368D /* Sources */,
				D5DE62E228D0F88200F8368D /* Frameworks */,
				D5DE62E328D0F88200F8368D /* Resources */,
			);
			buildRules = (
			);
			dependencies = (
			);
			name = Patinfly;
			productName = Patinfly;
			productReference = D5DE62E528D0F88200F8368D /* Patinfly.app */;
			productType = "com.apple.product-type.application";
		};
		D5DE62F528D0F88900F8368D /* PatinflyTests */ = {
			isa = PBXNativeTarget;
			buildConfigurationList = D5DE630D28D0F88900F8368D /* Build configuration list for PBXNativeTarget "PatinflyTests" */;
			buildPhases = (
				D5DE62F228D0F88900F8368D /* Sources */,
				D5DE62F328D0F88900F8368D /* Frameworks */,
				D5DE62F428D0F88900F8368D /* Resources */,
			);
			buildRules = (
			);
			dependencies = (
				D5DE62F828D0F88900F8368D /* PBXTargetDependency */,
			);
			name = PatinflyTests;
			productName = PatinflyTests;
			productReference = D5DE62F628D0F88900F8368D /* PatinflyTests.xctest */;
			productType = "com.apple.product-type.bundle.unit-test";
		};
		D5DE62FF28D0F88900F8368D /* PatinflyUITests */ = {
			isa = PBXNativeTarget;
			buildConfigurationList = D5DE631028D0F88900F8368D /* Build configuration list for PBXNativeTarget "PatinflyUITests" */;
			buildPhases = (
				D5DE62FC28D0F88900F8368D /* Sources */,
				D5DE62FD28D0F88900F8368D /* Frameworks */,
				D5DE62FE28D0F88900F8368D /* Resources */,
			);
			buildRules = (
			);
			dependencies = (
				D5DE630228D0F88900F8368D /* PBXTargetDependency */,
			);
			name = PatinflyUITests;
			productName = PatinflyUITests;
			productReference = D5DE630028D0F88900F8368D /* PatinflyUITests.xctest */;
			productType = "com.apple.product-type.bundle.ui-testing";
		};
/* End PBXNativeTarget section */

/* Begin PBXProject section */
		D5DE62DD28D0F88200F8368D /* Project object */ = {
			isa = PBXProject;
			attributes = {
				BuildIndependentTargetsInParallel = 1;
				LastSwiftUpdateCheck = 1340;
				LastUpgradeCheck = 1340;
				TargetAttributes = {
					D5DE62E428D0F88200F8368D = {
						CreatedOnToolsVersion = 13.4.1;
					};
					D5DE62F528D0F88900F8368D = {
						CreatedOnToolsVersion = 13.4.1;
						TestTargetID = D5DE62E428D0F88200F8368D;
					};
					D5DE62FF28D0F88900F8368D = {
						CreatedOnToolsVersion = 13.4.1;
						TestTargetID = D5DE62E428D0F88200F8368D;
					};
				};
			};
			buildConfigurationList = D5DE62E028D0F88200F8368D /* Build configuration list for PBXProject "Patinfly" */;
			compatibilityVersion = "Xcode 13.0";
			developmentRegion = en;
			hasScannedForEncodings = 0;
			knownRegions = (
				en,
				Base,
			);
			mainGroup = D5DE62DC28D0F88200F8368D;
			productRefGroup = D5DE62E628D0F88200F8368D /* Products */;
			projectDirPath = "";
			projectRoot = "";
			targets = (
				D5DE62E428D0F88200F8368D /* Patinfly */,
				D5DE62F528D0F88900F8368D /* PatinflyTests */,
				D5DE62FF28D0F88900F8368D /* PatinflyUITests */,
			);
		};
/* End PBXProject section */

/* Begin PBXResourcesBuildPhase section */
		D5DE62E328D0F88200F8368D /* Resources */ = {
			isa = PBXResourcesBuildPhase;
			buildActionMask = 2147483647;
			files = (
				D5C4F42A28ECAB1C00055892 /* scooters.json in Resources */,
				D5DE62F028D0F88900F8368D /* Preview Assets.xcassets in Resources */,
				D5DE62ED28D0F88900F8368D /* Assets.xcassets in Resources */,
			);
			runOnlyForDeploymentPostprocessing = 0;
		};
		D5DE62F428D0F88900F8368D /* Resources */ = {
			isa = PBXResourcesBuildPhase;
			buildActionMask = 2147483647;
			files = (
			);
			runOnlyForDeploymentPostprocessing = 0;
		};
		D5DE62FE28D0F88900F8368D /* Resources */ = {
			isa = PBXResourcesBuildPhase;
			buildActionMask = 2147483647;
			files = (
			);
			runOnlyForDeploymentPostprocessing = 0;
		};
/* End PBXResourcesBuildPhase section */

/* Begin PBXSourcesBuildPhase section */
		D5DE62E128D0F88200F8368D /* Sources */ = {
			isa = PBXSourcesBuildPhase;
			buildActionMask = 2147483647;
			files = (
				D5C4F42728EC9BA100055892 /* SplashScreen.swift in Sources */,
				D51161AF28E36A750057AE80 /* Authentication.swift in Sources */,
				D52203CD28DA419200482BC5 /* LoginViewModel.swift in Sources */,
				D5643FFB28FF7EB7003859B6 /* CircleImage.swift in Sources */,
				D52203C928DA313600482BC5 /* LoginView.swift in Sources */,
				D52203CF28DA41C900482BC5 /* Credentials.swift in Sources */,
				D5C4F42E28ECAC1200055892 /* Scooter.swift in Sources */,
				D544610D29367E2B009C7571 /* DataController.swift in Sources */,
				D5DE62EB28D0F88200F8368D /* ScooterListView.swift in Sources */,
				D5DFC80929532A2F00938A82 /* ScooterDatabase.xcdatamodeld in Sources */,
				D5643FF528FF4F19003859B6 /* MapView.swift in Sources */,
				D5643FF728FF6635003859B6 /* ScooterDetailView.swift in Sources */,
				D565E46A29228F8200CCD840 /* LocationManager.swift in Sources */,
				D51161AC28E3678C0057AE80 /* APIService.swift in Sources */,
				D5DE62E928D0F88200F8368D /* PatinflyApp.swift in Sources */,
				D5643FF928FF6820003859B6 /* ActiveRentView.swift in Sources */,
			);
			runOnlyForDeploymentPostprocessing = 0;
		};
		D5DE62F228D0F88900F8368D /* Sources */ = {
			isa = PBXSourcesBuildPhase;
			buildActionMask = 2147483647;
			files = (
				D5DE62FB28D0F88900F8368D /* PatinflyTests.swift in Sources */,
			);
			runOnlyForDeploymentPostprocessing = 0;
		};
		D5DE62FC28D0F88900F8368D /* Sources */ = {
			isa = PBXSourcesBuildPhase;
			buildActionMask = 2147483647;
			files = (
				D5DE630728D0F88900F8368D /* PatinflyUITestsLaunchTests.swift in Sources */,
				D5DE630528D0F88900F8368D /* PatinflyUITests.swift in Sources */,
			);
			runOnlyForDeploymentPostprocessing = 0;
		};
/* End PBXSourcesBuildPhase section */

/* Begin PBXTargetDependency section */
		D5DE62F828D0F88900F8368D /* PBXTargetDependency */ = {
			isa = PBXTargetDependency;
			target = D5DE62E428D0F88200F8368D /* Patinfly */;
			targetProxy = D5DE62F728D0F88900F8368D /* PBXContainerItemProxy */;
		};
		D5DE630228D0F88900F8368D /* PBXTargetDependency */ = {
			isa = PBXTargetDependency;
			target = D5DE62E428D0F88200F8368D /* Patinfly */;
			targetProxy = D5DE630128D0F88900F8368D /* PBXContainerItemProxy */;
		};
/* End PBXTargetDependency section */

/* Begin XCBuildConfiguration section */
		D5DE630828D0F88900F8368D /* Debug */ = {
			isa = XCBuildConfiguration;
			buildSettings = {
				ALWAYS_SEARCH_USER_PATHS = NO;
				CLANG_ANALYZER_NONNULL = YES;
				CLANG_ANALYZER_NUMBER_OBJECT_CONVERSION = YES_AGGRESSIVE;
				CLANG_CXX_LANGUAGE_STANDARD = "gnu++17";
				CLANG_ENABLE_MODULES = YES;
				CLANG_ENABLE_OBJC_ARC = YES;
				CLANG_ENABLE_OBJC_WEAK = YES;
				CLANG_WARN_BLOCK_CAPTURE_AUTORELEASING = YES;
				CLANG_WARN_BOOL_CONVERSION = YES;
				CLANG_WARN_COMMA = YES;
				CLANG_WARN_CONSTANT_CONVERSION = YES;
				CLANG_WARN_DEPRECATED_OBJC_IMPLEMENTATIONS = YES;
				CLANG_WARN_DIRECT_OBJC_ISA_USAGE = YES_ERROR;
				CLANG_WARN_DOCUMENTATION_COMMENTS = YES;
				CLANG_WARN_EMPTY_BODY = YES;
				CLANG_WARN_ENUM_CONVERSION = YES;
				CLANG_WARN_INFINITE_RECURSION = YES;
				CLANG_WARN_INT_CONVERSION = YES;
				CLANG_WARN_NON_LITERAL_NULL_CONVERSION = YES;
				CLANG_WARN_OBJC_IMPLICIT_RETAIN_SELF = YES;
				CLANG_WARN_OBJC_LITERAL_CONVERSION = YES;
				CLANG_WARN_OBJC_ROOT_CLASS = YES_ERROR;
				CLANG_WARN_QUOTED_INCLUDE_IN_FRAMEWORK_HEADER = YES;
				CLANG_WARN_RANGE_LOOP_ANALYSIS = YES;
				CLANG_WARN_STRICT_PROTOTYPES = YES;
				CLANG_WARN_SUSPICIOUS_MOVE = YES;
				CLANG_WARN_UNGUARDED_AVAILABILITY = YES_AGGRESSIVE;
				CLANG_WARN_UNREACHABLE_CODE = YES;
				CLANG_WARN__DUPLICATE_METHOD_MATCH = YES;
				COPY_PHASE_STRIP = NO;
				DEBUG_INFORMATION_FORMAT = dwarf;
				ENABLE_STRICT_OBJC_MSGSEND = YES;
				ENABLE_TESTABILITY = YES;
				GCC_C_LANGUAGE_STANDARD = gnu11;
				GCC_DYNAMIC_NO_PIC = NO;
				GCC_NO_COMMON_BLOCKS = YES;
				GCC_OPTIMIZATION_LEVEL = 0;
				GCC_PREPROCESSOR_DEFINITIONS = (
					"DEBUG=1",
					"$(inherited)",
				);
				GCC_WARN_64_TO_32_BIT_CONVERSION = YES;
				GCC_WARN_ABOUT_RETURN_TYPE = YES_ERROR;
				GCC_WARN_UNDECLARED_SELECTOR = YES;
				GCC_WARN_UNINITIALIZED_AUTOS = YES_AGGRESSIVE;
				GCC_WARN_UNUSED_FUNCTION = YES;
				GCC_WARN_UNUSED_VARIABLE = YES;
				MACOSX_DEPLOYMENT_TARGET = 12.3;
				MTL_ENABLE_DEBUG_INFO = INCLUDE_SOURCE;
				MTL_FAST_MATH = YES;
				ONLY_ACTIVE_ARCH = YES;
				SDKROOT = iphoneos;
				SWIFT_ACTIVE_COMPILATION_CONDITIONS = DEBUG;
				SWIFT_OPTIMIZATION_LEVEL = "-Onone";
			};
			name = Debug;
		};
		D5DE630928D0F88900F8368D /* Release */ = {
			isa = XCBuildConfiguration;
			buildSettings = {
				ALWAYS_SEARCH_USER_PATHS = NO;
				CLANG_ANALYZER_NONNULL = YES;
				CLANG_ANALYZER_NUMBER_OBJECT_CONVERSION = YES_AGGRESSIVE;
				CLANG_CXX_LANGUAGE_STANDARD = "gnu++17";
				CLANG_ENABLE_MODULES = YES;
				CLANG_ENABLE_OBJC_ARC = YES;
				CLANG_ENABLE_OBJC_WEAK = YES;
				CLANG_WARN_BLOCK_CAPTURE_AUTORELEASING = YES;
				CLANG_WARN_BOOL_CONVERSION = YES;
				CLANG_WARN_COMMA = YES;
				CLANG_WARN_CONSTANT_CONVERSION = YES;
				CLANG_WARN_DEPRECATED_OBJC_IMPLEMENTATIONS = YES;
				CLANG_WARN_DIRECT_OBJC_ISA_USAGE = YES_ERROR;
				CLANG_WARN_DOCUMENTATION_COMMENTS = YES;
				CLANG_WARN_EMPTY_BODY = YES;
				CLANG_WARN_ENUM_CONVERSION = YES;
				CLANG_WARN_INFINITE_RECURSION = YES;
				CLANG_WARN_INT_CONVERSION = YES;
				CLANG_WARN_NON_LITERAL_NULL_CONVERSION = YES;
				CLANG_WARN_OBJC_IMPLICIT_RETAIN_SELF = YES;
				CLANG_WARN_OBJC_LITERAL_CONVERSION = YES;
				CLANG_WARN_OBJC_ROOT_CLASS = YES_ERROR;
				CLANG_WARN_QUOTED_INCLUDE_IN_FRAMEWORK_HEADER = YES;
				CLANG_WARN_RANGE_LOOP_ANALYSIS = YES;
				CLANG_WARN_STRICT_PROTOTYPES = YES;
				CLANG_WARN_SUSPICIOUS_MOVE = YES;
				CLANG_WARN_UNGUARDED_AVAILABILITY = YES_AGGRESSIVE;
				CLANG_WARN_UNREACHABLE_CODE = YES;
				CLANG_WARN__DUPLICATE_METHOD_MATCH = YES;
				COPY_PHASE_STRIP = NO;
				DEBUG_INFORMATION_FORMAT = "dwarf-with-dsym";
				ENABLE_NS_ASSERTIONS = NO;
				ENABLE_STRICT_OBJC_MSGSEND = YES;
				GCC_C_LANGUAGE_STANDARD = gnu11;
				GCC_NO_COMMON_BLOCKS = YES;
				GCC_WARN_64_TO_32_BIT_CONVERSION = YES;
				GCC_WARN_ABOUT_RETURN_TYPE = YES_ERROR;
				GCC_WARN_UNDECLARED_SELECTOR = YES;
				GCC_WARN_UNINITIALIZED_AUTOS = YES_AGGRESSIVE;
				GCC_WARN_UNUSED_FUNCTION = YES;
				GCC_WARN_UNUSED_VARIABLE = YES;
				MACOSX_DEPLOYMENT_TARGET = 12.3;
				MTL_ENABLE_DEBUG_INFO = NO;
				MTL_FAST_MATH = YES;
				SDKROOT = iphoneos;
				SWIFT_COMPILATION_MODE = wholemodule;
				SWIFT_OPTIMIZATION_LEVEL = "-O";
			};
			name = Release;
		};
		D5DE630B28D0F88900F8368D /* Debug */ = {
			isa = XCBuildConfiguration;
			buildSettings = {
				ASSETCATALOG_COMPILER_APPICON_NAME = AppIcon;
				ASSETCATALOG_COMPILER_GLOBAL_ACCENT_COLOR_NAME = AccentColor;
				CODE_SIGN_ENTITLEMENTS = Patinfly/Patinfly.entitlements;
				CODE_SIGN_STYLE = Automatic;
				COMBINE_HIDPI_IMAGES = YES;
				CURRENT_PROJECT_VERSION = 1;
				DEVELOPMENT_ASSET_PATHS = "\"Patinfly/Preview Content\"";
				ENABLE_PREVIEWS = YES;
				GENERATE_INFOPLIST_FILE = YES;
				INFOPLIST_FILE = Patinfly/Info.plist;
				INFOPLIST_KEY_NSHumanReadableCopyright = "";
				INFOPLIST_KEY_NSLocationAlwaysAndWhenInUseUsageDescription = Test3;
				INFOPLIST_KEY_NSLocationWhenInUseUsageDescription = "Location is used to locate user and scooters. The user can see the closer scooters when location is autorized";
				INFOPLIST_KEY_UILaunchStoryboardName = ma;
				INFOPLIST_KEY_UISupportedInterfaceOrientations_iPad = "UIInterfaceOrientationPortrait UIInterfaceOrientationPortraitUpsideDown UIInterfaceOrientationLandscapeLeft UIInterfaceOrientationLandscapeRight";
				INFOPLIST_KEY_UISupportedInterfaceOrientations_iPhone = UIInterfaceOrientationPortrait;
				LD_RUNPATH_SEARCH_PATHS = (
					"$(inherited)",
					"@executable_path/../Frameworks",
				);
				MARKETING_VERSION = 1.0;
				PRODUCT_BUNDLE_IDENTIFIER = DEIM.Patinfly;
				PRODUCT_NAME = "$(TARGET_NAME)";
				SUPPORTED_PLATFORMS = "iphoneos iphonesimulator";
				SUPPORTS_MACCATALYST = NO;
				SUPPORTS_MAC_DESIGNED_FOR_IPHONE_IPAD = NO;
				SWIFT_EMIT_LOC_STRINGS = YES;
				SWIFT_VERSION = 5.0;
				TARGETED_DEVICE_FAMILY = 1;
			};
			name = Debug;
		};
		D5DE630C28D0F88900F8368D /* Release */ = {
			isa = XCBuildConfiguration;
			buildSettings = {
				ASSETCATALOG_COMPILER_APPICON_NAME = AppIcon;
				ASSETCATALOG_COMPILER_GLOBAL_ACCENT_COLOR_NAME = AccentColor;
				CODE_SIGN_ENTITLEMENTS = Patinfly/Patinfly.entitlements;
				CODE_SIGN_STYLE = Automatic;
				COMBINE_HIDPI_IMAGES = YES;
				CURRENT_PROJECT_VERSION = 1;
				DEVELOPMENT_ASSET_PATHS = "\"Patinfly/Preview Content\"";
				ENABLE_PREVIEWS = YES;
				GENERATE_INFOPLIST_FILE = YES;
				INFOPLIST_FILE = Patinfly/Info.plist;
				INFOPLIST_KEY_NSHumanReadableCopyright = "";
				INFOPLIST_KEY_NSLocationAlwaysAndWhenInUseUsageDescription = Test3;
				INFOPLIST_KEY_NSLocationWhenInUseUsageDescription = "Location is used to locate user and scooters. The user can see the closer scooters when location is autorized";
				INFOPLIST_KEY_UILaunchStoryboardName = ma;
				INFOPLIST_KEY_UISupportedInterfaceOrientations_iPad = "UIInterfaceOrientationPortrait UIInterfaceOrientationPortraitUpsideDown UIInterfaceOrientationLandscapeLeft UIInterfaceOrientationLandscapeRight";
				INFOPLIST_KEY_UISupportedInterfaceOrientations_iPhone = UIInterfaceOrientationPortrait;
				LD_RUNPATH_SEARCH_PATHS = (
					"$(inherited)",
					"@executable_path/../Frameworks",
				);
				MARKETING_VERSION = 1.0;
				PRODUCT_BUNDLE_IDENTIFIER = DEIM.Patinfly;
				PRODUCT_NAME = "$(TARGET_NAME)";
				SUPPORTED_PLATFORMS = "iphoneos iphonesimulator";
				SUPPORTS_MACCATALYST = NO;
				SUPPORTS_MAC_DESIGNED_FOR_IPHONE_IPAD = NO;
				SWIFT_EMIT_LOC_STRINGS = YES;
				SWIFT_VERSION = 5.0;
				TARGETED_DEVICE_FAMILY = 1;
			};
			name = Release;
		};
		D5DE630E28D0F88900F8368D /* Debug */ = {
			isa = XCBuildConfiguration;
			buildSettings = {
				ALWAYS_EMBED_SWIFT_STANDARD_LIBRARIES = YES;
				BUNDLE_LOADER = "$(TEST_HOST)";
				CODE_SIGN_STYLE = Automatic;
				CURRENT_PROJECT_VERSION = 1;
				GENERATE_INFOPLIST_FILE = YES;
				INFOPLIST_FILE = PatinflyTests/Info.plist;
				INFOPLIST_KEY_LSApplicationCategoryType = "public.app-category.business";
				INFOPLIST_KEY_NSLocationAlwaysAndWhenInUseUsageDescription = Test;
				MACOSX_DEPLOYMENT_TARGET = 12.3;
				MARKETING_VERSION = 1.0;
				PRODUCT_BUNDLE_IDENTIFIER = DEIM.PatinflyTests;
				PRODUCT_NAME = "$(TARGET_NAME)";
				SWIFT_EMIT_LOC_STRINGS = NO;
				SWIFT_VERSION = 5.0;
				TEST_HOST = "$(BUILT_PRODUCTS_DIR)/Patinfly.app/Contents/MacOS/Patinfly";
			};
			name = Debug;
		};
		D5DE630F28D0F88900F8368D /* Release */ = {
			isa = XCBuildConfiguration;
			buildSettings = {
				ALWAYS_EMBED_SWIFT_STANDARD_LIBRARIES = YES;
				BUNDLE_LOADER = "$(TEST_HOST)";
				CODE_SIGN_STYLE = Automatic;
				CURRENT_PROJECT_VERSION = 1;
				GENERATE_INFOPLIST_FILE = YES;
				INFOPLIST_FILE = PatinflyTests/Info.plist;
				INFOPLIST_KEY_LSApplicationCategoryType = "public.app-category.business";
				INFOPLIST_KEY_NSLocationAlwaysAndWhenInUseUsageDescription = Test;
				MACOSX_DEPLOYMENT_TARGET = 12.3;
				MARKETING_VERSION = 1.0;
				PRODUCT_BUNDLE_IDENTIFIER = DEIM.PatinflyTests;
				PRODUCT_NAME = "$(TARGET_NAME)";
				SWIFT_EMIT_LOC_STRINGS = NO;
				SWIFT_VERSION = 5.0;
				TEST_HOST = "$(BUILT_PRODUCTS_DIR)/Patinfly.app/Contents/MacOS/Patinfly";
			};
			name = Release;
		};
		D5DE631128D0F88900F8368D /* Debug */ = {
			isa = XCBuildConfiguration;
			buildSettings = {
				ALWAYS_EMBED_SWIFT_STANDARD_LIBRARIES = YES;
				CODE_SIGN_STYLE = Automatic;
				CURRENT_PROJECT_VERSION = 1;
				GENERATE_INFOPLIST_FILE = YES;
				MARKETING_VERSION = 1.0;
				PRODUCT_BUNDLE_IDENTIFIER = DEIM.PatinflyUITests;
				PRODUCT_NAME = "$(TARGET_NAME)";
				SWIFT_EMIT_LOC_STRINGS = NO;
				SWIFT_VERSION = 5.0;
				TEST_TARGET_NAME = Patinfly;
			};
			name = Debug;
		};
		D5DE631228D0F88900F8368D /* Release */ = {
			isa = XCBuildConfiguration;
			buildSettings = {
				ALWAYS_EMBED_SWIFT_STANDARD_LIBRARIES = YES;
				CODE_SIGN_STYLE = Automatic;
				CURRENT_PROJECT_VERSION = 1;
				GENERATE_INFOPLIST_FILE = YES;
				MARKETING_VERSION = 1.0;
				PRODUCT_BUNDLE_IDENTIFIER = DEIM.PatinflyUITests;
				PRODUCT_NAME = "$(TARGET_NAME)";
				SWIFT_EMIT_LOC_STRINGS = NO;
				SWIFT_VERSION = 5.0;
				TEST_TARGET_NAME = Patinfly;
			};
			name = Release;
		};
/* End XCBuildConfiguration section */

/* Begin XCConfigurationList section */
		D5DE62E028D0F88200F8368D /* Build configuration list for PBXProject "Patinfly" */ = {
			isa = XCConfigurationList;
			buildConfigurations = (
				D5DE630828D0F88900F8368D /* Debug */,
				D5DE630928D0F88900F8368D /* Release */,
			);
			defaultConfigurationIsVisible = 0;
			defaultConfigurationName = Release;
		};
		D5DE630A28D0F88900F8368D /* Build configuration list for PBXNativeTarget "Patinfly" */ = {
			isa = XCConfigurationList;
			buildConfigurations = (
				D5DE630B28D0F88900F8368D /* Debug */,
				D5DE630C28D0F88900F8368D /* Release */,
			);
			defaultConfigurationIsVisible = 0;
			defaultConfigurationName = Release;
		};
		D5DE630D28D0F88900F8368D /* Build configuration list for PBXNativeTarget "PatinflyTests" */ = {
			isa = XCConfigurationList;
			buildConfigurations = (
				D5DE630E28D0F88900F8368D /* Debug */,
				D5DE630F28D0F88900F8368D /* Release */,
			);
			defaultConfigurationIsVisible = 0;
			defaultConfigurationName = Release;
		};
		D5DE631028D0F88900F8368D /* Build configuration list for PBXNativeTarget "PatinflyUITests" */ = {
			isa = XCConfigurationList;
			buildConfigurations = (
				D5DE631128D0F88900F8368D /* Debug */,
				D5DE631228D0F88900F8368D /* Release */,
			);
			defaultConfigurationIsVisible = 0;
			defaultConfigurationName = Release;
		};
/* End XCConfigurationList section */

/* Begin XCVersionGroup section */
		D5DFC80629532A2F00938A82 /* ScooterDatabase.xcdatamodeld */ = {
			isa = XCVersionGroup;
			children = (
				D5DFC80729532A2F00938A82 /* Scooter_Rent.xcdatamodel */,
				D5DFC80829532A2F00938A82 /* ScooterDB1.xcdatamodel */,
			);
			currentVersion = D5DFC80729532A2F00938A82 /* Scooter_Rent.xcdatamodel */;
			path = ScooterDatabase.xcdatamodeld;
			sourceTree = "<group>";
			versionGroupType = wrapper.xcdatamodel;
		};
/* End XCVersionGroup section */
	};
	rootObject = D5DE62DD28D0F88200F8368D /* Project object */;
}
